
Microsoft Visual Studio Solution File, Format Version 12.00
# Visual Studio 15
VisualStudioVersion = 15.0.27428.2015
MinimumVisualStudioVersion = 10.0.40219.1
Project("{FAE04EC0-301F-11D3-BF4B-00C04F79EFBC}") = "Cons", "Cons\Cons.csproj", "{95B71685-35AF-417D-9BD2-4FFC6E6587C5}"
EndProject
Global
	GlobalSection(SolutionConfigurationPlatforms) = preSolution
		Debug|Any CPU = Debug|Any CPU
		Release|Any CPU = Release|Any CPU
	EndGlobalSection
	GlobalSection(ProjectConfigurationPlatforms) = postSolution
		{95B71685-35AF-417D-9BD2-4FFC6E6587C5}.Debug|Any CPU.ActiveCfg = Debug|Any CPU
		{95B71685-35AF-417D-9BD2-4FFC6E6587C5}.Debug|Any CPU.Build.0 = Debug|Any CPU
		{95B71685-35AF-417D-9BD2-4FFC6E6587C5}.Release|Any CPU.ActiveCfg = Release|Any CPU
		{95B71685-35AF-417D-9BD2-4FFC6E6587C5}.Release|Any CPU.Build.0 = Release|Any CPU
	EndGlobalSection
	GlobalSection(SolutionProperties) = preSolution
		HideSolutionNode = FALSE
	EndGlobalSection
	GlobalSection(ExtensibilityGlobals) = postSolution
		SolutionGuid = {C4105BA5-DF1D-446A-AF80-467F9ABB7D2B}
	EndGlobalSection
EndGlobal
